// !$*UTF8*$!
{
	archiveVersion = 1;
	classes = {
	};
	objectVersion = 77;
	objects = {

/* Begin PBXContainerItemProxy section */
		AEA41B792DEF5A1C00C984D2 /* PBXContainerItemProxy */ = {
			isa = PBXContainerItemProxy;
			containerPortal = AEA41B5F2DEF5A1A00C984D2 /* Project object */;
			proxyType = 1;
			remoteGlobalIDString = AEA41B662DEF5A1A00C984D2;
			remoteInfo = screenshotapp;
		};
		AEA41B832DEF5A1C00C984D2 /* PBXContainerItemProxy */ = {
			isa = PBXContainerItemProxy;
			containerPortal = AEA41B5F2DEF5A1A00C984D2 /* Project object */;
			proxyType = 1;
			remoteGlobalIDString = AEA41B662DEF5A1A00C984D2;
			remoteInfo = screenshotapp;
		};
/* End PBXContainerItemProxy section */

/* Begin PBXFileReference section */
		AEA41B672DEF5A1A00C984D2 /* screenshotapp.app */ = {isa = PBXFileReference; explicitFileType = wrapper.application; includeInIndex = 0; path = screenshotapp.app; sourceTree = BUILT_PRODUCTS_DIR; };
		AEA41B782DEF5A1C00C984D2 /* screenshotappTests.xctest */ = {isa = PBXFileReference; explicitFileType = wrapper.cfbundle; includeInIndex = 0; path = screenshotappTests.xctest; sourceTree = BUILT_PRODUCTS_DIR; };
		AEA41B822DEF5A1C00C984D2 /* screenshotappUITests.xctest */ = {isa = PBXFileReference; explicitFileType = wrapper.cfbundle; includeInIndex = 0; path = screenshotappUITests.xctest; sourceTree = BUILT_PRODUCTS_DIR; };
/* End PBXFileReference section */

/* Begin PBXFileSystemSynchronizedRootGroup section */
		AEA41B692DEF5A1A00C984D2 /* screenshotapp */ = {
			isa = PBXFileSystemSynchronizedRootGroup;
			path = screenshotapp;
			sourceTree = "<group>";
		};
		AEA41B7B2DEF5A1C00C984D2 /* screenshotappTests */ = {
			isa = PBXFileSystemSynchronizedRootGroup;
			path = screenshotappTests;
			sourceTree = "<group>";
		};
		AEA41B852DEF5A1C00C984D2 /* screenshotappUITests */ = {
			isa = PBXFileSystemSynchronizedRootGroup;
			path = screenshotappUITests;
			sourceTree = "<group>";
		};
/* End PBXFileSystemSynchronizedRootGroup section */

/* Begin PBXFrameworksBuildPhase section */
		AEA41B642DEF5A1A00C984D2 /* Frameworks */ = {
			isa = PBXFrameworksBuildPhase;
			buildActionMask = 2147483647;
			files = (
			);
			runOnlyForDeploymentPostprocessing = 0;
		};
		AEA41B752DEF5A1C00C984D2 /* Frameworks */ = {
			isa = PBXFrameworksBuildPhase;
			buildActionMask = 2147483647;
			files = (
			);
			runOnlyForDeploymentPostprocessing = 0;
		};
		AEA41B7F2DEF5A1C00C984D2 /* Frameworks */ = {
			isa = PBXFrameworksBuildPhase;
			buildActionMask = 2147483647;
			files = (
			);
			runOnlyForDeploymentPostprocessing = 0;
		};
/* End PBXFrameworksBuildPhase section */

/* Begin PBXGroup section */
		AEA41B5E2DEF5A1A00C984D2 = {
			isa = PBXGroup;
			children = (
				AEA41B692DEF5A1A00C984D2 /* screenshotapp */,
				AEA41B7B2DEF5A1C00C984D2 /* screenshotappTests */,
				AEA41B852DEF5A1C00C984D2 /* screenshotappUITests */,
				AEA41B682DEF5A1A00C984D2 /* Products */,
			);
			sourceTree = "<group>";
		};
		AEA41B682DEF5A1A00C984D2 /* Products */ = {
			isa = PBXGroup;
			children = (
				AEA41B672DEF5A1A00C984D2 /* screenshotapp.app */,
				AEA41B782DEF5A1C00C984D2 /* screenshotappTests.xctest */,
				AEA41B822DEF5A1C00C984D2 /* screenshotappUITests.xctest */,
			);
			name = Products;
			sourceTree = "<group>";
		};
/* End PBXGroup section */

/* Begin PBXNativeTarget section */
		AEA41B662DEF5A1A00C984D2 /* screenshotapp */ = {
			isa = PBXNativeTarget;
			buildConfigurationList = AEA41B8C2DEF5A1C00C984D2 /* Build configuration list for PBXNativeTarget "screenshotapp" */;
			buildPhases = (
				AEA41B632DEF5A1A00C984D2 /* Sources */,
				AEA41B642DEF5A1A00C984D2 /* Frameworks */,
				AEA41B652DEF5A1A00C984D2 /* Resources */,
			);
			buildRules = (
			);
			dependencies = (
			);
			fileSystemSynchronizedGroups = (
				AEA41B692DEF5A1A00C984D2 /* screenshotapp */,
			);
			name = screenshotapp;
			packageProductDependencies = (
			);
			productName = screenshotapp;
			productReference = AEA41B672DEF5A1A00C984D2 /* screenshotapp.app */;
			productType = "com.apple.product-type.application";
		};
		AEA41B772DEF5A1C00C984D2 /* screenshotappTests */ = {
			isa = PBXNativeTarget;
			buildConfigurationList = AEA41B8F2DEF5A1C00C984D2 /* Build configuration list for PBXNativeTarget "screenshotappTests" */;
			buildPhases = (
				AEA41B742DEF5A1C00C984D2 /* Sources */,
				AEA41B752DEF5A1C00C984D2 /* Frameworks */,
				AEA41B762DEF5A1C00C984D2 /* Resources */,
			);
			buildRules = (
			);
			dependencies = (
				AEA41B7A2DEF5A1C00C984D2 /* PBXTargetDependency */,
			);
			fileSystemSynchronizedGroups = (
				AEA41B7B2DEF5A1C00C984D2 /* screenshotappTests */,
			);
			name = screenshotappTests;
			packageProductDependencies = (
			);
			productName = screenshotappTests;
			productReference = AEA41B782DEF5A1C00C984D2 /* screenshotappTests.xctest */;
			productType = "com.apple.product-type.bundle.unit-test";
		};
		AEA41B812DEF5A1C00C984D2 /* screenshotappUITests */ = {
			isa = PBXNativeTarget;
			buildConfigurationList = AEA41B922DEF5A1C00C984D2 /* Build configuration list for PBXNativeTarget "screenshotappUITests" */;
			buildPhases = (
				AEA41B7E2DEF5A1C00C984D2 /* Sources */,
				AEA41B7F2DEF5A1C00C984D2 /* Frameworks */,
				AEA41B802DEF5A1C00C984D2 /* Resources */,
			);
			buildRules = (
			);
			dependencies = (
				AEA41B842DEF5A1C00C984D2 /* PBXTargetDependency */,
			);
			fileSystemSynchronizedGroups = (
				AEA41B852DEF5A1C00C984D2 /* screenshotappUITests */,
			);
			name = screenshotappUITests;
			packageProductDependencies = (
			);
			productName = screenshotappUITests;
			productReference = AEA41B822DEF5A1C00C984D2 /* screenshotappUITests.xctest */;
			productType = "com.apple.product-type.bundle.ui-testing";
		};
/* End PBXNativeTarget section */

/* Begin PBXProject section */
		AEA41B5F2DEF5A1A00C984D2 /* Project object */ = {
			isa = PBXProject;
			attributes = {
				BuildIndependentTargetsInParallel = 1;
				LastSwiftUpdateCheck = 1600;
				LastUpgradeCheck = 1600;
				TargetAttributes = {
					AEA41B662DEF5A1A00C984D2 = {
						CreatedOnToolsVersion = 16.0;
					};
					AEA41B772DEF5A1C00C984D2 = {
						CreatedOnToolsVersion = 16.0;
						TestTargetID = AEA41B662DEF5A1A00C984D2;
					};
					AEA41B812DEF5A1C00C984D2 = {
						CreatedOnToolsVersion = 16.0;
						TestTargetID = AEA41B662DEF5A1A00C984D2;
					};
				};
			};
			buildConfigurationList = AEA41B622DEF5A1A00C984D2 /* Build configuration list for PBXProject "screenshotapp" */;
			developmentRegion = en;
			hasScannedForEncodings = 0;
			knownRegions = (
				en,
				Base,
			);
			mainGroup = AEA41B5E2DEF5A1A00C984D2;
			minimizedProjectReferenceProxies = 1;
			preferredProjectObjectVersion = 77;
			productRefGroup = AEA41B682DEF5A1A00C984D2 /* Products */;
			projectDirPath = "";
			projectRoot = "";
			targets = (
				AEA41B662DEF5A1A00C984D2 /* screenshotapp */,
				AEA41B772DEF5A1C00C984D2 /* screenshotappTests */,
				AEA41B812DEF5A1C00C984D2 /* screenshotappUITests */,
			);
		};
/* End PBXProject section */

/* Begin PBXResourcesBuildPhase section */
		AEA41B652DEF5A1A00C984D2 /* Resources */ = {
			isa = PBXResourcesBuildPhase;
			buildActionMask = 2147483647;
			files = (
			);
			runOnlyForDeploymentPostprocessing = 0;
		};
		AEA41B762DEF5A1C00C984D2 /* Resources */ = {
			isa = PBXResourcesBuildPhase;
			buildActionMask = 2147483647;
			files = (
			);
			runOnlyForDeploymentPostprocessing = 0;
		};
		AEA41B802DEF5A1C00C984D2 /* Resources */ = {
			isa = PBXResourcesBuildPhase;
			buildActionMask = 2147483647;
			files = (
			);
			runOnlyForDeploymentPostprocessing = 0;
		};
/* End PBXResourcesBuildPhase section */

/* Begin PBXSourcesBuildPhase section */
		AEA41B632DEF5A1A00C984D2 /* Sources */ = {
			isa = PBXSourcesBuildPhase;
			buildActionMask = 2147483647;
			files = (
			);
			runOnlyForDeploymentPostprocessing = 0;
		};
		AEA41B742DEF5A1C00C984D2 /* Sources */ = {
			isa = PBXSourcesBuildPhase;
			buildActionMask = 2147483647;
			files = (
			);
			runOnlyForDeploymentPostprocessing = 0;
		};
		AEA41B7E2DEF5A1C00C984D2 /* Sources */ = {
			isa = PBXSourcesBuildPhase;
			buildActionMask = 2147483647;
			files = (
			);
			runOnlyForDeploymentPostprocessing = 0;
		};
/* End PBXSourcesBuildPhase section */

/* Begin PBXTargetDependency section */
		AEA41B7A2DEF5A1C00C984D2 /* PBXTargetDependency */ = {
			isa = PBXTargetDependency;
			target = AEA41B662DEF5A1A00C984D2 /* screenshotapp */;
			targetProxy = AEA41B792DEF5A1C00C984D2 /* PBXContainerItemProxy */;
		};
		AEA41B842DEF5A1C00C984D2 /* PBXTargetDependency */ = {
			isa = PBXTargetDependency;
			target = AEA41B662DEF5A1A00C984D2 /* screenshotapp */;
			targetProxy = AEA41B832DEF5A1C00C984D2 /* PBXContainerItemProxy */;
		};
/* End PBXTargetDependency section */

/* Begin XCBuildConfiguration section */
		AEA41B8A2DEF5A1C00C984D2 /* Debug */ = {
			isa = XCBuildConfiguration;
			buildSettings = {
				ALWAYS_SEARCH_USER_PATHS = NO;
				ASSETCATALOG_COMPILER_GENERATE_SWIFT_ASSET_SYMBOL_EXTENSIONS = YES;
				CLANG_ANALYZER_NONNULL = YES;
				CLANG_ANALYZER_NUMBER_OBJECT_CONVERSION = YES_AGGRESSIVE;
				CLANG_CXX_LANGUAGE_STANDARD = "gnu++20";
				CLANG_ENABLE_MODULES = YES;
				CLANG_ENABLE_OBJC_ARC = YES;
				CLANG_ENABLE_OBJC_WEAK = YES;
				CLANG_WARN_BLOCK_CAPTURE_AUTORELEASING = YES;
				CLANG_WARN_BOOL_CONVERSION = YES;
				CLANG_WARN_COMMA = YES;
				CLANG_WARN_CONSTANT_CONVERSION = YES;
				CLANG_WARN_DEPRECATED_OBJC_IMPLEMENTATIONS = YES;
				CLANG_WARN_DIRECT_OBJC_ISA_USAGE = YES_ERROR;
				CLANG_WARN_DOCUMENTATION_COMMENTS = YES;
				CLANG_WARN_EMPTY_BODY = YES;
				CLANG_WARN_ENUM_CONVERSION = YES;
				CLANG_WARN_INFINITE_RECURSION = YES;
				CLANG_WARN_INT_CONVERSION = YES;
				CLANG_WARN_NON_LITERAL_NULL_CONVERSION = YES;
				CLANG_WARN_OBJC_IMPLICIT_RETAIN_SELF = YES;
				CLANG_WARN_OBJC_LITERAL_CONVERSION = YES;
				CLANG_WARN_OBJC_ROOT_CLASS = YES_ERROR;
				CLANG_WARN_QUOTED_INCLUDE_IN_FRAMEWORK_HEADER = YES;
				CLANG_WARN_RANGE_LOOP_ANALYSIS = YES;
				CLANG_WARN_STRICT_PROTOTYPES = YES;
				CLANG_WARN_SUSPICIOUS_MOVE = YES;
				CLANG_WARN_UNGUARDED_AVAILABILITY = YES_AGGRESSIVE;
				CLANG_WARN_UNREACHABLE_CODE = YES;
				CLANG_WARN__DUPLICATE_METHOD_MATCH = YES;
				COPY_PHASE_STRIP = NO;
				DEBUG_INFORMATION_FORMAT = dwarf;
				ENABLE_STRICT_OBJC_MSGSEND = YES;
				ENABLE_TESTABILITY = YES;
				ENABLE_USER_SCRIPT_SANDBOXING = YES;
				GCC_C_LANGUAGE_STANDARD = gnu17;
				GCC_DYNAMIC_NO_PIC = NO;
				GCC_NO_COMMON_BLOCKS = YES;
				GCC_OPTIMIZATION_LEVEL = 0;
				GCC_PREPROCESSOR_DEFINITIONS = (
					"DEBUG=1",
					"$(inherited)",
				);
				GCC_WARN_64_TO_32_BIT_CONVERSION = YES;
				GCC_WARN_ABOUT_RETURN_TYPE = YES_ERROR;
				GCC_WARN_UNDECLARED_SELECTOR = YES;
				GCC_WARN_UNINITIALIZED_AUTOS = YES_AGGRESSIVE;
				GCC_WARN_UNUSED_FUNCTION = YES;
				GCC_WARN_UNUSED_VARIABLE = YES;
				LOCALIZATION_PREFERS_STRING_CATALOGS = YES;
				MACOSX_DEPLOYMENT_TARGET = 15.0;
				MTL_ENABLE_DEBUG_INFO = INCLUDE_SOURCE;
				MTL_FAST_MATH = YES;
				ONLY_ACTIVE_ARCH = YES;
				SDKROOT = macosx;
				SWIFT_ACTIVE_COMPILATION_CONDITIONS = "DEBUG $(inherited)";
				SWIFT_OPTIMIZATION_LEVEL = "-Onone";
			};
			name = Debug;
		};
		AEA41B8B2DEF5A1C00C984D2 /* Release */ = {
			isa = XCBuildConfiguration;
			buildSettings = {
				ALWAYS_SEARCH_USER_PATHS = NO;
				ASSETCATALOG_COMPILER_GENERATE_SWIFT_ASSET_SYMBOL_EXTENSIONS = YES;
				CLANG_ANALYZER_NONNULL = YES;
				CLANG_ANALYZER_NUMBER_OBJECT_CONVERSION = YES_AGGRESSIVE;
				CLANG_CXX_LANGUAGE_STANDARD = "gnu++20";
				CLANG_ENABLE_MODULES = YES;
				CLANG_ENABLE_OBJC_ARC = YES;
				CLANG_ENABLE_OBJC_WEAK = YES;
				CLANG_WARN_BLOCK_CAPTURE_AUTORELEASING = YES;
				CLANG_WARN_BOOL_CONVERSION = YES;
				CLANG_WARN_COMMA = YES;
				CLANG_WARN_CONSTANT_CONVERSION = YES;
				CLANG_WARN_DEPRECATED_OBJC_IMPLEMENTATIONS = YES;
				CLANG_WARN_DIRECT_OBJC_ISA_USAGE = YES_ERROR;
				CLANG_WARN_DOCUMENTATION_COMMENTS = YES;
				CLANG_WARN_EMPTY_BODY = YES;
				CLANG_WARN_ENUM_CONVERSION = YES;
				CLANG_WARN_INFINITE_RECURSION = YES;
				CLANG_WARN_INT_CONVERSION = YES;
				CLANG_WARN_NON_LITERAL_NULL_CONVERSION = YES;
				CLANG_WARN_OBJC_IMPLICIT_RETAIN_SELF = YES;
				CLANG_WARN_OBJC_LITERAL_CONVERSION = YES;
				CLANG_WARN_OBJC_ROOT_CLASS = YES_ERROR;
				CLANG_WARN_QUOTED_INCLUDE_IN_FRAMEWORK_HEADER = YES;
				CLANG_WARN_RANGE_LOOP_ANALYSIS = YES;
				CLANG_WARN_STRICT_PROTOTYPES = YES;
				CLANG_WARN_SUSPICIOUS_MOVE = YES;
				CLANG_WARN_UNGUARDED_AVAILABILITY = YES_AGGRESSIVE;
				CLANG_WARN_UNREACHABLE_CODE = YES;
				CLANG_WARN__DUPLICATE_METHOD_MATCH = YES;
				COPY_PHASE_STRIP = NO;
				DEBUG_INFORMATION_FORMAT = "dwarf-with-dsym";
				ENABLE_NS_ASSERTIONS = NO;
				ENABLE_STRICT_OBJC_MSGSEND = YES;
				ENABLE_USER_SCRIPT_SANDBOXING = YES;
				GCC_C_LANGUAGE_STANDARD = gnu17;
				GCC_NO_COMMON_BLOCKS = YES;
				GCC_WARN_64_TO_32_BIT_CONVERSION = YES;
				GCC_WARN_ABOUT_RETURN_TYPE = YES_ERROR;
				GCC_WARN_UNDECLARED_SELECTOR = YES;
				GCC_WARN_UNINITIALIZED_AUTOS = YES_AGGRESSIVE;
				GCC_WARN_UNUSED_FUNCTION = YES;
				GCC_WARN_UNUSED_VARIABLE = YES;
				LOCALIZATION_PREFERS_STRING_CATALOGS = YES;
				MACOSX_DEPLOYMENT_TARGET = 15.0;
				MTL_ENABLE_DEBUG_INFO = NO;
				MTL_FAST_MATH = YES;
				SDKROOT = macosx;
				SWIFT_COMPILATION_MODE = wholemodule;
			};
			name = Release;
		};
		AEA41B8D2DEF5A1C00C984D2 /* Debug */ = {
			isa = XCBuildConfiguration;
			buildSettings = {
				ASSETCATALOG_COMPILER_APPICON_NAME = AppIcon;
				ASSETCATALOG_COMPILER_GLOBAL_ACCENT_COLOR_NAME = AccentColor;
				CODE_SIGN_ENTITLEMENTS = screenshotapp/screenshotapp.entitlements;
				CODE_SIGN_STYLE = Automatic;
				COMBINE_HIDPI_IMAGES = YES;
				CURRENT_PROJECT_VERSION = 1;
				DEVELOPMENT_ASSET_PATHS = "\"screenshotapp/Preview Content\"";
				DEVELOPMENT_TEAM = U32UL87MFJ;
				ENABLE_HARDENED_RUNTIME = YES;
				ENABLE_PREVIEWS = YES;
				GENERATE_INFOPLIST_FILE = YES;
				INFOPLIST_KEY_NSHumanReadableCopyright = "";
				LD_RUNPATH_SEARCH_PATHS = (
					"$(inherited)",
					"@executable_path/../Frameworks",
				);
				MARKETING_VERSION = 1.0;
				PRODUCT_BUNDLE_IDENTIFIER = com.josephmp5.screenshotapp;
				PRODUCT_NAME = "$(TARGET_NAME)";
				SWIFT_EMIT_LOC_STRINGS = YES;
				SWIFT_VERSION = 5.0;
			};
			name = Debug;
		};
		AEA41B8E2DEF5A1C00C984D2 /* Release */ = {
			isa = XCBuildConfiguration;
			buildSettings = {
				ASSETCATALOG_COMPILER_APPICON_NAME = AppIcon;
				ASSETCATALOG_COMPILER_GLOBAL_ACCENT_COLOR_NAME = AccentColor;
				CODE_SIGN_ENTITLEMENTS = screenshotapp/screenshotapp.entitlements;
				CODE_SIGN_STYLE = Automatic;
				COMBINE_HIDPI_IMAGES = YES;
				CURRENT_PROJECT_VERSION = 1;
				DEVELOPMENT_ASSET_PATHS = "\"screenshotapp/Preview Content\"";
				DEVELOPMENT_TEAM = U32UL87MFJ;
				ENABLE_HARDENED_RUNTIME = YES;
				ENABLE_PREVIEWS = YES;
				GENERATE_INFOPLIST_FILE = YES;
				INFOPLIST_KEY_NSHumanReadableCopyright = "";
				LD_RUNPATH_SEARCH_PATHS = (
					"$(inherited)",
					"@executable_path/../Frameworks",
				);
				MARKETING_VERSION = 1.0;
				PRODUCT_BUNDLE_IDENTIFIER = com.josephmp5.screenshotapp;
				PRODUCT_NAME = "$(TARGET_NAME)";
				SWIFT_EMIT_LOC_STRINGS = YES;
				SWIFT_VERSION = 5.0;
			};
			name = Release;
		};
		AEA41B902DEF5A1C00C984D2 /* Debug */ = {
			isa = XCBuildConfiguration;
			buildSettings = {
				BUNDLE_LOADER = "$(TEST_HOST)";
				CODE_SIGN_STYLE = Automatic;
				CURRENT_PROJECT_VERSION = 1;
				DEVELOPMENT_TEAM = U32UL87MFJ;
				GENERATE_INFOPLIST_FILE = YES;
				MACOSX_DEPLOYMENT_TARGET = 15.0;
				MARKETING_VERSION = 1.0;
				PRODUCT_BUNDLE_IDENTIFIER = com.josephmp5.screenshotappTests;
				PRODUCT_NAME = "$(TARGET_NAME)";
				SWIFT_EMIT_LOC_STRINGS = NO;
				SWIFT_VERSION = 5.0;
				TEST_HOST = "$(BUILT_PRODUCTS_DIR)/screenshotapp.app/$(BUNDLE_EXECUTABLE_FOLDER_PATH)/screenshotapp";
			};
			name = Debug;
		};
		AEA41B912DEF5A1C00C984D2 /* Release */ = {
			isa = XCBuildConfiguration;
			buildSettings = {
				BUNDLE_LOADER = "$(TEST_HOST)";
				CODE_SIGN_STYLE = Automatic;
				CURRENT_PROJECT_VERSION = 1;
				DEVELOPMENT_TEAM = U32UL87MFJ;
				GENERATE_INFOPLIST_FILE = YES;
				MACOSX_DEPLOYMENT_TARGET = 15.0;
				MARKETING_VERSION = 1.0;
				PRODUCT_BUNDLE_IDENTIFIER = com.josephmp5.screenshotappTests;
				PRODUCT_NAME = "$(TARGET_NAME)";
				SWIFT_EMIT_LOC_STRINGS = NO;
				SWIFT_VERSION = 5.0;
				TEST_HOST = "$(BUILT_PRODUCTS_DIR)/screenshotapp.app/$(BUNDLE_EXECUTABLE_FOLDER_PATH)/screenshotapp";
			};
			name = Release;
		};
		AEA41B932DEF5A1C00C984D2 /* Debug */ = {
			isa = XCBuildConfiguration;
			buildSettings = {
				CODE_SIGN_STYLE = Automatic;
				CURRENT_PROJECT_VERSION = 1;
				DEVELOPMENT_TEAM = U32UL87MFJ;
				GENERATE_INFOPLIST_FILE = YES;
				MARKETING_VERSION = 1.0;
				PRODUCT_BUNDLE_IDENTIFIER = com.josephmp5.screenshotappUITests;
				PRODUCT_NAME = "$(TARGET_NAME)";
				SWIFT_EMIT_LOC_STRINGS = NO;
				SWIFT_VERSION = 5.0;
				TEST_TARGET_NAME = screenshotapp;
			};
			name = Debug;
		};
		AEA41B942DEF5A1C00C984D2 /* Release */ = {
			isa = XCBuildConfiguration;
			buildSettings = {
				CODE_SIGN_STYLE = Automatic;
				CURRENT_PROJECT_VERSION = 1;
				DEVELOPMENT_TEAM = U32UL87MFJ;
				GENERATE_INFOPLIST_FILE = YES;
				MARKETING_VERSION = 1.0;
				PRODUCT_BUNDLE_IDENTIFIER = com.josephmp5.screenshotappUITests;
				PRODUCT_NAME = "$(TARGET_NAME)";
				SWIFT_EMIT_LOC_STRINGS = NO;
				SWIFT_VERSION = 5.0;
				TEST_TARGET_NAME = screenshotapp;
			};
			name = Release;
		};
/* End XCBuildConfiguration section */

/* Begin XCConfigurationList section */
		AEA41B622DEF5A1A00C984D2 /* Build configuration list for PBXProject "screenshotapp" */ = {
			isa = XCConfigurationList;
			buildConfigurations = (
				AEA41B8A2DEF5A1C00C984D2 /* Debug */,
				AEA41B8B2DEF5A1C00C984D2 /* Release */,
			);
			defaultConfigurationIsVisible = 0;
			defaultConfigurationName = Release;
		};
		AEA41B8C2DEF5A1C00C984D2 /* Build configuration list for PBXNativeTarget "screenshotapp" */ = {
			isa = XCConfigurationList;
			buildConfigurations = (
				AEA41B8D2DEF5A1C00C984D2 /* Debug */,
				AEA41B8E2DEF5A1C00C984D2 /* Release */,
			);
			defaultConfigurationIsVisible = 0;
			defaultConfigurationName = Release;
		};
		AEA41B8F2DEF5A1C00C984D2 /* Build configuration list for PBXNativeTarget "screenshotappTests" */ = {
			isa = XCConfigurationList;
			buildConfigurations = (
				AEA41B902DEF5A1C00C984D2 /* Debug */,
				AEA41B912DEF5A1C00C984D2 /* Release */,
			);
			defaultConfigurationIsVisible = 0;
			defaultConfigurationName = Release;
		};
		AEA41B922DEF5A1C00C984D2 /* Build configuration list for PBXNativeTarget "screenshotappUITests" */ = {
			isa = XCConfigurationList;
			buildConfigurations = (
				AEA41B932DEF5A1C00C984D2 /* Debug */,
				AEA41B942DEF5A1C00C984D2 /* Release */,
			);
			defaultConfigurationIsVisible = 0;
			defaultConfigurationName = Release;
		};
/* End XCConfigurationList section */
	};
	rootObject = AEA41B5F2DEF5A1A00C984D2 /* Project object */;
}
